
Microsoft Visual Studio Solution File, Format Version 12.00
# Visual Studio Version 16
VisualStudioVersion = 16.0.29123.88
MinimumVisualStudioVersion = 10.0.40219.1
Project("{FAE04EC0-301F-11D3-BF4B-00C04F79EFBC}") = "ExercicioComposition3", "ExercicioComposition3\ExercicioComposition3.csproj", "{FE825B66-C72E-47C3-B457-5B81FA818867}"
EndProject
Global
	GlobalSection(SolutionConfigurationPlatforms) = preSolution
		Debug|Any CPU = Debug|Any CPU
		Release|Any CPU = Release|Any CPU
	EndGlobalSection
	GlobalSection(ProjectConfigurationPlatforms) = postSolution
		{FE825B66-C72E-47C3-B457-5B81FA818867}.Debug|Any CPU.ActiveCfg = Debug|Any CPU
		{FE825B66-C72E-47C3-B457-5B81FA818867}.Debug|Any CPU.Build.0 = Debug|Any CPU
		{FE825B66-C72E-47C3-B457-5B81FA818867}.Release|Any CPU.ActiveCfg = Release|Any CPU
		{FE825B66-C72E-47C3-B457-5B81FA818867}.Release|Any CPU.Build.0 = Release|Any CPU
	EndGlobalSection
	GlobalSection(SolutionProperties) = preSolution
		HideSolutionNode = FALSE
	EndGlobalSection
	GlobalSection(ExtensibilityGlobals) = postSolution
		SolutionGuid = {D6D76B38-8A96-4CB8-B55F-B3067FE41EF5}
	EndGlobalSection
EndGlobal
